
Microsoft Visual Studio Solution File, Format Version 12.00
# Visual Studio Version 16
VisualStudioVersion = 16.0.32126.315
MinimumVisualStudioVersion = 10.0.40219.1
Project("{FAE04EC0-301F-11D3-BF4B-00C04F79EFBC}") = "UpgradeDashBordAPI", "UpgradeDashBordAPI.csproj", "{F22A4909-7BAE-4C98-95DF-DB49E5B44619}"
EndProject
Project("{FAE04EC0-301F-11D3-BF4B-00C04F79EFBC}") = "DashBord_BL", "DashBord_BL\DashBord_BL.csproj", "{36B2690A-C447-4160-A4F2-838FB738FA7A}"
EndProject
Project("{FAE04EC0-301F-11D3-BF4B-00C04F79EFBC}") = "DashBord_DAL", "DashBord_DAL\DashBord_DAL.csproj", "{23703298-245B-430B-A321-0FFE5B25167B}"
EndProject
Project("{FAE04EC0-301F-11D3-BF4B-00C04F79EFBC}") = "Upgrade_DashBordAPI", "..\Upgrade_DashBordAPI\Upgrade_DashBordAPI.csproj", "{C75BBB01-7F36-46F8-BB87-C248D9114791}"
EndProject
Project("{FAE04EC0-301F-11D3-BF4B-00C04F79EFBC}") = "UpgradeDashBord_API", "UpgradeDashBord_API\UpgradeDashBord_API.csproj", "{C5ED3B89-689B-4474-8EDA-1AC1F5D879DE}"
EndProject
Global
	GlobalSection(SolutionConfigurationPlatforms) = preSolution
		Debug|Any CPU = Debug|Any CPU
		Release|Any CPU = Release|Any CPU
	EndGlobalSection
	GlobalSection(ProjectConfigurationPlatforms) = postSolution
		{F22A4909-7BAE-4C98-95DF-DB49E5B44619}.Debug|Any CPU.ActiveCfg = Debug|Any CPU
		{F22A4909-7BAE-4C98-95DF-DB49E5B44619}.Debug|Any CPU.Build.0 = Debug|Any CPU
		{F22A4909-7BAE-4C98-95DF-DB49E5B44619}.Release|Any CPU.ActiveCfg = Release|Any CPU
		{F22A4909-7BAE-4C98-95DF-DB49E5B44619}.Release|Any CPU.Build.0 = Release|Any CPU
		{36B2690A-C447-4160-A4F2-838FB738FA7A}.Debug|Any CPU.ActiveCfg = Debug|Any CPU
		{36B2690A-C447-4160-A4F2-838FB738FA7A}.Debug|Any CPU.Build.0 = Debug|Any CPU
		{36B2690A-C447-4160-A4F2-838FB738FA7A}.Release|Any CPU.ActiveCfg = Release|Any CPU
		{36B2690A-C447-4160-A4F2-838FB738FA7A}.Release|Any CPU.Build.0 = Release|Any CPU
		{23703298-245B-430B-A321-0FFE5B25167B}.Debug|Any CPU.ActiveCfg = Debug|Any CPU
		{23703298-245B-430B-A321-0FFE5B25167B}.Debug|Any CPU.Build.0 = Debug|Any CPU
		{23703298-245B-430B-A321-0FFE5B25167B}.Release|Any CPU.ActiveCfg = Release|Any CPU
		{23703298-245B-430B-A321-0FFE5B25167B}.Release|Any CPU.Build.0 = Release|Any CPU
		{C75BBB01-7F36-46F8-BB87-C248D9114791}.Debug|Any CPU.ActiveCfg = Debug|Any CPU
		{C75BBB01-7F36-46F8-BB87-C248D9114791}.Debug|Any CPU.Build.0 = Debug|Any CPU
		{C75BBB01-7F36-46F8-BB87-C248D9114791}.Release|Any CPU.ActiveCfg = Release|Any CPU
		{C75BBB01-7F36-46F8-BB87-C248D9114791}.Release|Any CPU.Build.0 = Release|Any CPU
		{C5ED3B89-689B-4474-8EDA-1AC1F5D879DE}.Debug|Any CPU.ActiveCfg = Debug|Any CPU
		{C5ED3B89-689B-4474-8EDA-1AC1F5D879DE}.Debug|Any CPU.Build.0 = Debug|Any CPU
		{C5ED3B89-689B-4474-8EDA-1AC1F5D879DE}.Release|Any CPU.ActiveCfg = Release|Any CPU
		{C5ED3B89-689B-4474-8EDA-1AC1F5D879DE}.Release|Any CPU.Build.0 = Release|Any CPU
	EndGlobalSection
	GlobalSection(SolutionProperties) = preSolution
		HideSolutionNode = FALSE
	EndGlobalSection
	GlobalSection(ExtensibilityGlobals) = postSolution
		SolutionGuid = {1279BA28-33A3-4464-805B-C4BD2EFB7BB8}
	EndGlobalSection
EndGlobal
